
Microsoft Visual Studio Solution File, Format Version 12.00
# Visual Studio Version 17
VisualStudioVersion = 17.1.32328.378
MinimumVisualStudioVersion = 10.0.40219.1
Project("{9A19103F-16F7-4668-BE54-9A1E7A4F7556}") = "Minibank.Web", "Minibank.Web\Minibank.Web.csproj", "{032E5DE6-77FD-4B47-9938-D2F2DD49B361}"
EndProject
Project("{9A19103F-16F7-4668-BE54-9A1E7A4F7556}") = "Minibank.Core", "Minibank.Core\Minibank.Core.csproj", "{EF8D8E3A-9B7E-4280-A5EF-DF5C75779648}"
EndProject
Project("{9A19103F-16F7-4668-BE54-9A1E7A4F7556}") = "Minibank.Data", "Minibank.Data\Minibank.Data.csproj", "{BF108283-FB4C-4035-AC22-C6C9952D6650}"
EndProject
Project("{2150E333-8FDC-42A3-9474-1A3956D46DE8}") = "Tests", "Tests", "{DF794CF3-695B-4DFA-B236-8E9E97911F97}"
EndProject
Project("{9A19103F-16F7-4668-BE54-9A1E7A4F7556}") = "Minibank.Core.Tests", "Tests\Minibank.Core.Tests\Minibank.Core.Tests.csproj", "{63EE30B0-CF00-4ED3-9AA9-5FF964EE526E}"
EndProject
Global
	GlobalSection(SolutionConfigurationPlatforms) = preSolution
		Debug|Any CPU = Debug|Any CPU
		Release|Any CPU = Release|Any CPU
	EndGlobalSection
	GlobalSection(ProjectConfigurationPlatforms) = postSolution
		{032E5DE6-77FD-4B47-9938-D2F2DD49B361}.Debug|Any CPU.ActiveCfg = Debug|Any CPU
		{032E5DE6-77FD-4B47-9938-D2F2DD49B361}.Debug|Any CPU.Build.0 = Debug|Any CPU
		{032E5DE6-77FD-4B47-9938-D2F2DD49B361}.Release|Any CPU.ActiveCfg = Release|Any CPU
		{032E5DE6-77FD-4B47-9938-D2F2DD49B361}.Release|Any CPU.Build.0 = Release|Any CPU
		{EF8D8E3A-9B7E-4280-A5EF-DF5C75779648}.Debug|Any CPU.ActiveCfg = Debug|Any CPU
		{EF8D8E3A-9B7E-4280-A5EF-DF5C75779648}.Debug|Any CPU.Build.0 = Debug|Any CPU
		{EF8D8E3A-9B7E-4280-A5EF-DF5C75779648}.Release|Any CPU.ActiveCfg = Release|Any CPU
		{EF8D8E3A-9B7E-4280-A5EF-DF5C75779648}.Release|Any CPU.Build.0 = Release|Any CPU
		{BF108283-FB4C-4035-AC22-C6C9952D6650}.Debug|Any CPU.ActiveCfg = Debug|Any CPU
		{BF108283-FB4C-4035-AC22-C6C9952D6650}.Debug|Any CPU.Build.0 = Debug|Any CPU
		{BF108283-FB4C-4035-AC22-C6C9952D6650}.Release|Any CPU.ActiveCfg = Release|Any CPU
		{BF108283-FB4C-4035-AC22-C6C9952D6650}.Release|Any CPU.Build.0 = Release|Any CPU
		{63EE30B0-CF00-4ED3-9AA9-5FF964EE526E}.Debug|Any CPU.ActiveCfg = Debug|Any CPU
		{63EE30B0-CF00-4ED3-9AA9-5FF964EE526E}.Debug|Any CPU.Build.0 = Debug|Any CPU
		{63EE30B0-CF00-4ED3-9AA9-5FF964EE526E}.Release|Any CPU.ActiveCfg = Release|Any CPU
		{63EE30B0-CF00-4ED3-9AA9-5FF964EE526E}.Release|Any CPU.Build.0 = Release|Any CPU
	EndGlobalSection
	GlobalSection(SolutionProperties) = preSolution
		HideSolutionNode = FALSE
	EndGlobalSection
	GlobalSection(NestedProjects) = preSolution
		{63EE30B0-CF00-4ED3-9AA9-5FF964EE526E} = {DF794CF3-695B-4DFA-B236-8E9E97911F97}
	EndGlobalSection
	GlobalSection(ExtensibilityGlobals) = postSolution
		SolutionGuid = {8AFB244D-8C30-466B-8FD6-5021298AB8D3}
	EndGlobalSection
EndGlobal
